
Microsoft Visual Studio Solution File, Format Version 12.00
# Visual Studio Version 17
VisualStudioVersion = 17.3.32929.385
MinimumVisualStudioVersion = 10.0.40219.1
Project("{FAE04EC0-301F-11D3-BF4B-00C04F79EFBC}") = "ExcelAddIn1", "ExcelAddIn1\ExcelAddIn1.csproj", "{0581F27F-10ED-4F5E-A431-EDB16012772E}"
EndProject
Global
	GlobalSection(SolutionConfigurationPlatforms) = preSolution
		Debug|Any CPU = Debug|Any CPU
		Release|Any CPU = Release|Any CPU
	EndGlobalSection
	GlobalSection(ProjectConfigurationPlatforms) = postSolution
		{0581F27F-10ED-4F5E-A431-EDB16012772E}.Debug|Any CPU.ActiveCfg = Debug|Any CPU
		{0581F27F-10ED-4F5E-A431-EDB16012772E}.Debug|Any CPU.Build.0 = Debug|Any CPU
		{0581F27F-10ED-4F5E-A431-EDB16012772E}.Release|Any CPU.ActiveCfg = Release|Any CPU
		{0581F27F-10ED-4F5E-A431-EDB16012772E}.Release|Any CPU.Build.0 = Release|Any CPU
	EndGlobalSection
	GlobalSection(SolutionProperties) = preSolution
		HideSolutionNode = FALSE
	EndGlobalSection
	GlobalSection(ExtensibilityGlobals) = postSolution
		SolutionGuid = {3D977F42-332F-4190-A3C4-5F63B000535D}
	EndGlobalSection
EndGlobal
